// !$*UTF8*$!
{
	archiveVersion = 1;
	classes = {
	};
	objectVersion = 46;
	objects = {

/* Begin PBXBuildFile section */
		5E4FAFB61AB539FC00611B17 /* AppDelegate.swift in Sources */ = {isa = PBXBuildFile; fileRef = 5E4FAFB51AB539FC00611B17 /* AppDelegate.swift */; };
		5E4FAFB91AB539FC00611B17 /* nopwd.xcdatamodeld in Sources */ = {isa = PBXBuildFile; fileRef = 5E4FAFB71AB539FC00611B17 /* nopwd.xcdatamodeld */; };
		5E4FAFBB1AB539FC00611B17 /* ViewController.swift in Sources */ = {isa = PBXBuildFile; fileRef = 5E4FAFBA1AB539FC00611B17 /* ViewController.swift */; };
		5E4FAFBE1AB539FC00611B17 /* Main.storyboard in Resources */ = {isa = PBXBuildFile; fileRef = 5E4FAFBC1AB539FC00611B17 /* Main.storyboard */; };
		5E4FAFC01AB539FC00611B17 /* Images.xcassets in Resources */ = {isa = PBXBuildFile; fileRef = 5E4FAFBF1AB539FC00611B17 /* Images.xcassets */; };
		5E4FAFC31AB539FC00611B17 /* LaunchScreen.xib in Resources */ = {isa = PBXBuildFile; fileRef = 5E4FAFC11AB539FC00611B17 /* LaunchScreen.xib */; };
		5E4FAFCF1AB539FC00611B17 /* nopwdTests.swift in Sources */ = {isa = PBXBuildFile; fileRef = 5E4FAFCE1AB539FC00611B17 /* nopwdTests.swift */; };
/* End PBXBuildFile section */

/* Begin PBXContainerItemProxy section */
		5E4FAFC91AB539FC00611B17 /* PBXContainerItemProxy */ = {
			isa = PBXContainerItemProxy;
			containerPortal = 5E4FAFA81AB539FB00611B17 /* Project object */;
			proxyType = 1;
			remoteGlobalIDString = 5E4FAFAF1AB539FC00611B17;
			remoteInfo = nopwd;
		};
/* End PBXContainerItemProxy section */

/* Begin PBXFileReference section */
		5E4FAFB01AB539FC00611B17 /* nopwd.app */ = {isa = PBXFileReference; explicitFileType = wrapper.application; includeInIndex = 0; path = nopwd.app; sourceTree = BUILT_PRODUCTS_DIR; };
		5E4FAFB41AB539FC00611B17 /* Info.plist */ = {isa = PBXFileReference; lastKnownFileType = text.plist.xml; path = Info.plist; sourceTree = "<group>"; };
		5E4FAFB51AB539FC00611B17 /* AppDelegate.swift */ = {isa = PBXFileReference; lastKnownFileType = sourcecode.swift; path = AppDelegate.swift; sourceTree = "<group>"; };
		5E4FAFB81AB539FC00611B17 /* nopwd.xcdatamodel */ = {isa = PBXFileReference; lastKnownFileType = wrapper.xcdatamodel; path = nopwd.xcdatamodel; sourceTree = "<group>"; };
		5E4FAFBA1AB539FC00611B17 /* ViewController.swift */ = {isa = PBXFileReference; lastKnownFileType = sourcecode.swift; path = ViewController.swift; sourceTree = "<group>"; };
		5E4FAFBD1AB539FC00611B17 /* Base */ = {isa = PBXFileReference; lastKnownFileType = file.storyboard; name = Base; path = Base.lproj/Main.storyboard; sourceTree = "<group>"; };
		5E4FAFBF1AB539FC00611B17 /* Images.xcassets */ = {isa = PBXFileReference; lastKnownFileType = folder.assetcatalog; path = Images.xcassets; sourceTree = "<group>"; };
		5E4FAFC21AB539FC00611B17 /* Base */ = {isa = PBXFileReference; lastKnownFileType = file.xib; name = Base; path = Base.lproj/LaunchScreen.xib; sourceTree = "<group>"; };
		5E4FAFC81AB539FC00611B17 /* nopwdTests.xctest */ = {isa = PBXFileReference; explicitFileType = wrapper.cfbundle; includeInIndex = 0; path = nopwdTests.xctest; sourceTree = BUILT_PRODUCTS_DIR; };
		5E4FAFCD1AB539FC00611B17 /* Info.plist */ = {isa = PBXFileReference; lastKnownFileType = text.plist.xml; path = Info.plist; sourceTree = "<group>"; };
		5E4FAFCE1AB539FC00611B17 /* nopwdTests.swift */ = {isa = PBXFileReference; lastKnownFileType = sourcecode.swift; path = nopwdTests.swift; sourceTree = "<group>"; };
/* End PBXFileReference section */

/* Begin PBXFrameworksBuildPhase section */
		5E4FAFAD1AB539FC00611B17 /* Frameworks */ = {
			isa = PBXFrameworksBuildPhase;
			buildActionMask = 2147483647;
			files = (
			);
			runOnlyForDeploymentPostprocessing = 0;
		};
		5E4FAFC51AB539FC00611B17 /* Frameworks */ = {
			isa = PBXFrameworksBuildPhase;
			buildActionMask = 2147483647;
			files = (
			);
			runOnlyForDeploymentPostprocessing = 0;
		};
/* End PBXFrameworksBuildPhase section */

/* Begin PBXGroup section */
		5E4FAFA71AB539FB00611B17 = {
			isa = PBXGroup;
			children = (
				5E4FAFB21AB539FC00611B17 /* nopwd */,
				5E4FAFCB1AB539FC00611B17 /* nopwdTests */,
				5E4FAFB11AB539FC00611B17 /* Products */,
			);
			sourceTree = "<group>";
		};
		5E4FAFB11AB539FC00611B17 /* Products */ = {
			isa = PBXGroup;
			children = (
				5E4FAFB01AB539FC00611B17 /* nopwd.app */,
				5E4FAFC81AB539FC00611B17 /* nopwdTests.xctest */,
			);
			name = Products;
			sourceTree = "<group>";
		};
		5E4FAFB21AB539FC00611B17 /* nopwd */ = {
			isa = PBXGroup;
			children = (
				5E4FAFB51AB539FC00611B17 /* AppDelegate.swift */,
				5E4FAFBA1AB539FC00611B17 /* ViewController.swift */,
				5E4FAFBC1AB539FC00611B17 /* Main.storyboard */,
				5E4FAFBF1AB539FC00611B17 /* Images.xcassets */,
				5E4FAFC11AB539FC00611B17 /* LaunchScreen.xib */,
				5E4FAFB71AB539FC00611B17 /* nopwd.xcdatamodeld */,
				5E4FAFB31AB539FC00611B17 /* Supporting Files */,
			);
			path = nopwd;
			sourceTree = "<group>";
		};
		5E4FAFB31AB539FC00611B17 /* Supporting Files */ = {
			isa = PBXGroup;
			children = (
				5E4FAFB41AB539FC00611B17 /* Info.plist */,
			);
			name = "Supporting Files";
			sourceTree = "<group>";
		};
		5E4FAFCB1AB539FC00611B17 /* nopwdTests */ = {
			isa = PBXGroup;
			children = (
				5E4FAFCE1AB539FC00611B17 /* nopwdTests.swift */,
				5E4FAFCC1AB539FC00611B17 /* Supporting Files */,
			);
			path = nopwdTests;
			sourceTree = "<group>";
		};
		5E4FAFCC1AB539FC00611B17 /* Supporting Files */ = {
			isa = PBXGroup;
			children = (
				5E4FAFCD1AB539FC00611B17 /* Info.plist */,
			);
			name = "Supporting Files";
			sourceTree = "<group>";
		};
/* End PBXGroup section */

/* Begin PBXNativeTarget section */
		5E4FAFAF1AB539FC00611B17 /* nopwd */ = {
			isa = PBXNativeTarget;
			buildConfigurationList = 5E4FAFD21AB539FC00611B17 /* Build configuration list for PBXNativeTarget "nopwd" */;
			buildPhases = (
				5E4FAFAC1AB539FC00611B17 /* Sources */,
				5E4FAFAD1AB539FC00611B17 /* Frameworks */,
				5E4FAFAE1AB539FC00611B17 /* Resources */,
			);
			buildRules = (
			);
			dependencies = (
			);
			name = nopwd;
			productName = nopwd;
			productReference = 5E4FAFB01AB539FC00611B17 /* nopwd.app */;
			productType = "com.apple.product-type.application";
		};
		5E4FAFC71AB539FC00611B17 /* nopwdTests */ = {
			isa = PBXNativeTarget;
			buildConfigurationList = 5E4FAFD51AB539FC00611B17 /* Build configuration list for PBXNativeTarget "nopwdTests" */;
			buildPhases = (
				5E4FAFC41AB539FC00611B17 /* Sources */,
				5E4FAFC51AB539FC00611B17 /* Frameworks */,
				5E4FAFC61AB539FC00611B17 /* Resources */,
			);
			buildRules = (
			);
			dependencies = (
				5E4FAFCA1AB539FC00611B17 /* PBXTargetDependency */,
			);
			name = nopwdTests;
			productName = nopwdTests;
			productReference = 5E4FAFC81AB539FC00611B17 /* nopwdTests.xctest */;
			productType = "com.apple.product-type.bundle.unit-test";
		};
/* End PBXNativeTarget section */

/* Begin PBXProject section */
		5E4FAFA81AB539FB00611B17 /* Project object */ = {
			isa = PBXProject;
			attributes = {
				LastUpgradeCheck = 0620;
				ORGANIZATIONNAME = George;
				TargetAttributes = {
					5E4FAFAF1AB539FC00611B17 = {
						CreatedOnToolsVersion = 6.2;
					};
					5E4FAFC71AB539FC00611B17 = {
						CreatedOnToolsVersion = 6.2;
						TestTargetID = 5E4FAFAF1AB539FC00611B17;
					};
				};
			};
			buildConfigurationList = 5E4FAFAB1AB539FB00611B17 /* Build configuration list for PBXProject "nopwd" */;
			compatibilityVersion = "Xcode 3.2";
			developmentRegion = English;
			hasScannedForEncodings = 0;
			knownRegions = (
				en,
				Base,
			);
			mainGroup = 5E4FAFA71AB539FB00611B17;
			productRefGroup = 5E4FAFB11AB539FC00611B17 /* Products */;
			projectDirPath = "";
			projectRoot = "";
			targets = (
				5E4FAFAF1AB539FC00611B17 /* nopwd */,
				5E4FAFC71AB539FC00611B17 /* nopwdTests */,
			);
		};
/* End PBXProject section */

/* Begin PBXResourcesBuildPhase section */
		5E4FAFAE1AB539FC00611B17 /* Resources */ = {
			isa = PBXResourcesBuildPhase;
			buildActionMask = 2147483647;
			files = (
				5E4FAFBE1AB539FC00611B17 /* Main.storyboard in Resources */,
				5E4FAFC31AB539FC00611B17 /* LaunchScreen.xib in Resources */,
				5E4FAFC01AB539FC00611B17 /* Images.xcassets in Resources */,
			);
			runOnlyForDeploymentPostprocessing = 0;
		};
		5E4FAFC61AB539FC00611B17 /* Resources */ = {
			isa = PBXResourcesBuildPhase;
			buildActionMask = 2147483647;
			files = (
			);
			runOnlyForDeploymentPostprocessing = 0;
		};
/* End PBXResourcesBuildPhase section */

/* Begin PBXSourcesBuildPhase section */
		5E4FAFAC1AB539FC00611B17 /* Sources */ = {
			isa = PBXSourcesBuildPhase;
			buildActionMask = 2147483647;
			files = (
				5E4FAFBB1AB539FC00611B17 /* ViewController.swift in Sources */,
				5E4FAFB91AB539FC00611B17 /* nopwd.xcdatamodeld in Sources */,
				5E4FAFB61AB539FC00611B17 /* AppDelegate.swift in Sources */,
			);
			runOnlyForDeploymentPostprocessing = 0;
		};
		5E4FAFC41AB539FC00611B17 /* Sources */ = {
			isa = PBXSourcesBuildPhase;
			buildActionMask = 2147483647;
			files = (
				5E4FAFCF1AB539FC00611B17 /* nopwdTests.swift in Sources */,
			);
			runOnlyForDeploymentPostprocessing = 0;
		};
/* End PBXSourcesBuildPhase section */

/* Begin PBXTargetDependency section */
		5E4FAFCA1AB539FC00611B17 /* PBXTargetDependency */ = {
			isa = PBXTargetDependency;
			target = 5E4FAFAF1AB539FC00611B17 /* nopwd */;
			targetProxy = 5E4FAFC91AB539FC00611B17 /* PBXContainerItemProxy */;
		};
/* End PBXTargetDependency section */

/* Begin PBXVariantGroup section */
		5E4FAFBC1AB539FC00611B17 /* Main.storyboard */ = {
			isa = PBXVariantGroup;
			children = (
				5E4FAFBD1AB539FC00611B17 /* Base */,
			);
			name = Main.storyboard;
			sourceTree = "<group>";
		};
		5E4FAFC11AB539FC00611B17 /* LaunchScreen.xib */ = {
			isa = PBXVariantGroup;
			children = (
				5E4FAFC21AB539FC00611B17 /* Base */,
			);
			name = LaunchScreen.xib;
			sourceTree = "<group>";
		};
/* End PBXVariantGroup section */

/* Begin XCBuildConfiguration section */
		5E4FAFD01AB539FC00611B17 /* Debug */ = {
			isa = XCBuildConfiguration;
			buildSettings = {
				ALWAYS_SEARCH_USER_PATHS = NO;
				CLANG_CXX_LANGUAGE_STANDARD = "gnu++0x";
				CLANG_CXX_LIBRARY = "libc++";
				CLANG_ENABLE_MODULES = YES;
				CLANG_ENABLE_OBJC_ARC = YES;
				CLANG_WARN_BOOL_CONVERSION = YES;
				CLANG_WARN_CONSTANT_CONVERSION = YES;
				CLANG_WARN_DIRECT_OBJC_ISA_USAGE = YES_ERROR;
				CLANG_WARN_EMPTY_BODY = YES;
				CLANG_WARN_ENUM_CONVERSION = YES;
				CLANG_WARN_INT_CONVERSION = YES;
				CLANG_WARN_OBJC_ROOT_CLASS = YES_ERROR;
				CLANG_WARN_UNREACHABLE_CODE = YES;
				CLANG_WARN__DUPLICATE_METHOD_MATCH = YES;
				"CODE_SIGN_IDENTITY[sdk=iphoneos*]" = "iPhone Developer";
				COPY_PHASE_STRIP = NO;
				ENABLE_STRICT_OBJC_MSGSEND = YES;
				GCC_C_LANGUAGE_STANDARD = gnu99;
				GCC_DYNAMIC_NO_PIC = NO;
				GCC_OPTIMIZATION_LEVEL = 0;
				GCC_PREPROCESSOR_DEFINITIONS = (
					"DEBUG=1",
					"$(inherited)",
				);
				GCC_SYMBOLS_PRIVATE_EXTERN = NO;
				GCC_WARN_64_TO_32_BIT_CONVERSION = YES;
				GCC_WARN_ABOUT_RETURN_TYPE = YES_ERROR;
				GCC_WARN_UNDECLARED_SELECTOR = YES;
				GCC_WARN_UNINITIALIZED_AUTOS = YES_AGGRESSIVE;
				GCC_WARN_UNUSED_FUNCTION = YES;
				GCC_WARN_UNUSED_VARIABLE = YES;
				IPHONEOS_DEPLOYMENT_TARGET = 8.2;
				MTL_ENABLE_DEBUG_INFO = YES;
				ONLY_ACTIVE_ARCH = YES;
				SDKROOT = iphoneos;
				SWIFT_OPTIMIZATION_LEVEL = "-Onone";
				TARGETED_DEVICE_FAMILY = "1,2";
			};
			name = Debug;
		};
		5E4FAFD11AB539FC00611B17 /* Release */ = {
			isa = XCBuildConfiguration;
			buildSettings = {
				ALWAYS_SEARCH_USER_PATHS = NO;
				CLANG_CXX_LANGUAGE_STANDARD = "gnu++0x";
				CLANG_CXX_LIBRARY = "libc++";
				CLANG_ENABLE_MODULES = YES;
				CLANG_ENABLE_OBJC_ARC = YES;
				CLANG_WARN_BOOL_CONVERSION = YES;
				CLANG_WARN_CONSTANT_CONVERSION = YES;
				CLANG_WARN_DIRECT_OBJC_ISA_USAGE = YES_ERROR;
				CLANG_WARN_EMPTY_BODY = YES;
				CLANG_WARN_ENUM_CONVERSION = YES;
				CLANG_WARN_INT_CONVERSION = YES;
				CLANG_WARN_OBJC_ROOT_CLASS = YES_ERROR;
				CLANG_WARN_UNREACHABLE_CODE = YES;
				CLANG_WARN__DUPLICATE_METHOD_MATCH = YES;
				"CODE_SIGN_IDENTITY[sdk=iphoneos*]" = "iPhone Developer";
				COPY_PHASE_STRIP = NO;
				ENABLE_NS_ASSERTIONS = NO;
				ENABLE_STRICT_OBJC_MSGSEND = YES;
				GCC_C_LANGUAGE_STANDARD = gnu99;
				GCC_WARN_64_TO_32_BIT_CONVERSION = YES;
				GCC_WARN_ABOUT_RETURN_TYPE = YES_ERROR;
				GCC_WARN_UNDECLARED_SELECTOR = YES;
				GCC_WARN_UNINITIALIZED_AUTOS = YES_AGGRESSIVE;
				GCC_WARN_UNUSED_FUNCTION = YES;
				GCC_WARN_UNUSED_VARIABLE = YES;
				IPHONEOS_DEPLOYMENT_TARGET = 8.2;
				MTL_ENABLE_DEBUG_INFO = NO;
				SDKROOT = iphoneos;
				TARGETED_DEVICE_FAMILY = "1,2";
				VALIDATE_PRODUCT = YES;
			};
			name = Release;
		};
		5E4FAFD31AB539FC00611B17 /* Debug */ = {
			isa = XCBuildConfiguration;
			buildSettings = {
				ASSETCATALOG_COMPILER_APPICON_NAME = AppIcon;
				INFOPLIST_FILE = nopwd/Info.plist;
				LD_RUNPATH_SEARCH_PATHS = "$(inherited) @executable_path/Frameworks";
				PRODUCT_NAME = "$(TARGET_NAME)";
			};
			name = Debug;
		};
		5E4FAFD41AB539FC00611B17 /* Release */ = {
			isa = XCBuildConfiguration;
			buildSettings = {
				ASSETCATALOG_COMPILER_APPICON_NAME = AppIcon;
				INFOPLIST_FILE = nopwd/Info.plist;
				LD_RUNPATH_SEARCH_PATHS = "$(inherited) @executable_path/Frameworks";
				PRODUCT_NAME = "$(TARGET_NAME)";
			};
			name = Release;
		};
		5E4FAFD61AB539FC00611B17 /* Debug */ = {
			isa = XCBuildConfiguration;
			buildSettings = {
				BUNDLE_LOADER = "$(TEST_HOST)";
				FRAMEWORK_SEARCH_PATHS = (
					"$(SDKROOT)/Developer/Library/Frameworks",
					"$(inherited)",
				);
				GCC_PREPROCESSOR_DEFINITIONS = (
					"DEBUG=1",
					"$(inherited)",
				);
				INFOPLIST_FILE = nopwdTests/Info.plist;
				LD_RUNPATH_SEARCH_PATHS = "$(inherited) @executable_path/Frameworks @loader_path/Frameworks";
				PRODUCT_NAME = "$(TARGET_NAME)";
				TEST_HOST = "$(BUILT_PRODUCTS_DIR)/nopwd.app/nopwd";
			};
			name = Debug;
		};
		5E4FAFD71AB539FC00611B17 /* Release */ = {
			isa = XCBuildConfiguration;
			buildSettings = {
				BUNDLE_LOADER = "$(TEST_HOST)";
				FRAMEWORK_SEARCH_PATHS = (
					"$(SDKROOT)/Developer/Library/Frameworks",
					"$(inherited)",
				);
				INFOPLIST_FILE = nopwdTests/Info.plist;
				LD_RUNPATH_SEARCH_PATHS = "$(inherited) @executable_path/Frameworks @loader_path/Frameworks";
				PRODUCT_NAME = "$(TARGET_NAME)";
				TEST_HOST = "$(BUILT_PRODUCTS_DIR)/nopwd.app/nopwd";
			};
			name = Release;
		};
/* End XCBuildConfiguration section */

/* Begin XCConfigurationList section */
		5E4FAFAB1AB539FB00611B17 /* Build configuration list for PBXProject "nopwd" */ = {
			isa = XCConfigurationList;
			buildConfigurations = (
				5E4FAFD01AB539FC00611B17 /* Debug */,
				5E4FAFD11AB539FC00611B17 /* Release */,
			);
			defaultConfigurationIsVisible = 0;
			defaultConfigurationName = Release;
		};
		5E4FAFD21AB539FC00611B17 /* Build configuration list for PBXNativeTarget "nopwd" */ = {
			isa = XCConfigurationList;
			buildConfigurations = (
				5E4FAFD31AB539FC00611B17 /* Debug */,
				5E4FAFD41AB539FC00611B17 /* Release */,
			);
			defaultConfigurationIsVisible = 0;
		};
		5E4FAFD51AB539FC00611B17 /* Build configuration list for PBXNativeTarget "nopwdTests" */ = {
			isa = XCConfigurationList;
			buildConfigurations = (
				5E4FAFD61AB539FC00611B17 /* Debug */,
				5E4FAFD71AB539FC00611B17 /* Release */,
			);
			defaultConfigurationIsVisible = 0;
		};
/* End XCConfigurationList section */

/* Begin XCVersionGroup section */
		5E4FAFB71AB539FC00611B17 /* nopwd.xcdatamodeld */ = {
			isa = XCVersionGroup;
			children = (
				5E4FAFB81AB539FC00611B17 /* nopwd.xcdatamodel */,
			);
			currentVersion = 5E4FAFB81AB539FC00611B17 /* nopwd.xcdatamodel */;
			path = nopwd.xcdatamodeld;
			sourceTree = "<group>";
			versionGroupType = wrapper.xcdatamodel;
		};
/* End XCVersionGroup section */
	};
	rootObject = 5E4FAFA81AB539FB00611B17 /* Project object */;
}
